
Microsoft Visual Studio Solution File, Format Version 12.00
# Visual Studio 15
VisualStudioVersion = 15.0.27703.2000
MinimumVisualStudioVersion = 10.0.40219.1
Project("{FAE04EC0-301F-11D3-BF4B-00C04F79EFBC}") = "SetlistNet", "SetlistNet.csproj", "{CC1BCDA3-DF5C-4C10-AEA1-5494E72D86D3}"
EndProject
Global
	GlobalSection(SolutionConfigurationPlatforms) = preSolution
		Debug|Any CPU = Debug|Any CPU
		Release|Any CPU = Release|Any CPU
	EndGlobalSection
	GlobalSection(ProjectConfigurationPlatforms) = postSolution
		{CC1BCDA3-DF5C-4C10-AEA1-5494E72D86D3}.Debug|Any CPU.ActiveCfg = Debug|Any CPU
		{CC1BCDA3-DF5C-4C10-AEA1-5494E72D86D3}.Debug|Any CPU.Build.0 = Debug|Any CPU
		{CC1BCDA3-DF5C-4C10-AEA1-5494E72D86D3}.Release|Any CPU.ActiveCfg = Release|Any CPU
		{CC1BCDA3-DF5C-4C10-AEA1-5494E72D86D3}.Release|Any CPU.Build.0 = Release|Any CPU
	EndGlobalSection
	GlobalSection(SolutionProperties) = preSolution
		HideSolutionNode = FALSE
	EndGlobalSection
	GlobalSection(ExtensibilityGlobals) = postSolution
		SolutionGuid = {871C8DF8-4275-42F3-8787-7C745A481816}
	EndGlobalSection
EndGlobal
